
Microsoft Visual Studio Solution File, Format Version 12.00
# Visual Studio Version 16
VisualStudioVersion = 16.0.31129.286
MinimumVisualStudioVersion = 10.0.40219.1
Project("{9A19103F-16F7-4668-BE54-9A1E7A4F7556}") = "Ferreteria", "Ferreteria\Ferreteria.csproj", "{B6592029-5A81-43D1-9D0B-6F9F674A1C90}"
EndProject
Project("{9A19103F-16F7-4668-BE54-9A1E7A4F7556}") = "Ferreteria.DataAccess", "Ferreteria.DataAccess\Ferreteria.DataAccess.csproj", "{5F73DF1D-D61A-422B-8192-F63C9A41413C}"
EndProject
Project("{9A19103F-16F7-4668-BE54-9A1E7A4F7556}") = "Ferreteria.Models", "Ferreteria.Models\Ferreteria.Models.csproj", "{5B80D672-1CD4-45D1-BFCB-F415D5427830}"
EndProject
Project("{9A19103F-16F7-4668-BE54-9A1E7A4F7556}") = "Ferreteria.Utility", "Ferreteria.Utility\Ferreteria.Utility.csproj", "{6043D1CA-FE1B-4A72-AFA3-C2AFFE1109D9}"
EndProject
Project("{9A19103F-16F7-4668-BE54-9A1E7A4F7556}") = "ReactVista", "ReactVista\ReactVista.csproj", "{6F326169-F768-4F22-8618-BCF99CE4560C}"
EndProject
Project("{FAE04EC0-301F-11D3-BF4B-00C04F79EFBC}") = "FerreteriaVista", "FerreteriaVista\FerreteriaVista.csproj", "{20B5D870-102D-4EF4-AF76-66ED16D3E907}"
EndProject
Global
	GlobalSection(SolutionConfigurationPlatforms) = preSolution
		Debug|Any CPU = Debug|Any CPU
		Release|Any CPU = Release|Any CPU
	EndGlobalSection
	GlobalSection(ProjectConfigurationPlatforms) = postSolution
		{B6592029-5A81-43D1-9D0B-6F9F674A1C90}.Debug|Any CPU.ActiveCfg = Debug|Any CPU
		{B6592029-5A81-43D1-9D0B-6F9F674A1C90}.Debug|Any CPU.Build.0 = Debug|Any CPU
		{B6592029-5A81-43D1-9D0B-6F9F674A1C90}.Release|Any CPU.ActiveCfg = Release|Any CPU
		{B6592029-5A81-43D1-9D0B-6F9F674A1C90}.Release|Any CPU.Build.0 = Release|Any CPU
		{5F73DF1D-D61A-422B-8192-F63C9A41413C}.Debug|Any CPU.ActiveCfg = Debug|Any CPU
		{5F73DF1D-D61A-422B-8192-F63C9A41413C}.Debug|Any CPU.Build.0 = Debug|Any CPU
		{5F73DF1D-D61A-422B-8192-F63C9A41413C}.Release|Any CPU.ActiveCfg = Release|Any CPU
		{5F73DF1D-D61A-422B-8192-F63C9A41413C}.Release|Any CPU.Build.0 = Release|Any CPU
		{5B80D672-1CD4-45D1-BFCB-F415D5427830}.Debug|Any CPU.ActiveCfg = Debug|Any CPU
		{5B80D672-1CD4-45D1-BFCB-F415D5427830}.Debug|Any CPU.Build.0 = Debug|Any CPU
		{5B80D672-1CD4-45D1-BFCB-F415D5427830}.Release|Any CPU.ActiveCfg = Release|Any CPU
		{5B80D672-1CD4-45D1-BFCB-F415D5427830}.Release|Any CPU.Build.0 = Release|Any CPU
		{6043D1CA-FE1B-4A72-AFA3-C2AFFE1109D9}.Debug|Any CPU.ActiveCfg = Debug|Any CPU
		{6043D1CA-FE1B-4A72-AFA3-C2AFFE1109D9}.Debug|Any CPU.Build.0 = Debug|Any CPU
		{6043D1CA-FE1B-4A72-AFA3-C2AFFE1109D9}.Release|Any CPU.ActiveCfg = Release|Any CPU
		{6043D1CA-FE1B-4A72-AFA3-C2AFFE1109D9}.Release|Any CPU.Build.0 = Release|Any CPU
		{6F326169-F768-4F22-8618-BCF99CE4560C}.Debug|Any CPU.ActiveCfg = Debug|Any CPU
		{6F326169-F768-4F22-8618-BCF99CE4560C}.Debug|Any CPU.Build.0 = Debug|Any CPU
		{6F326169-F768-4F22-8618-BCF99CE4560C}.Release|Any CPU.ActiveCfg = Release|Any CPU
		{6F326169-F768-4F22-8618-BCF99CE4560C}.Release|Any CPU.Build.0 = Release|Any CPU
		{20B5D870-102D-4EF4-AF76-66ED16D3E907}.Debug|Any CPU.ActiveCfg = Debug|Any CPU
		{20B5D870-102D-4EF4-AF76-66ED16D3E907}.Debug|Any CPU.Build.0 = Debug|Any CPU
		{20B5D870-102D-4EF4-AF76-66ED16D3E907}.Release|Any CPU.ActiveCfg = Release|Any CPU
		{20B5D870-102D-4EF4-AF76-66ED16D3E907}.Release|Any CPU.Build.0 = Release|Any CPU
	EndGlobalSection
	GlobalSection(SolutionProperties) = preSolution
		HideSolutionNode = FALSE
	EndGlobalSection
	GlobalSection(ExtensibilityGlobals) = postSolution
		SolutionGuid = {AFD71197-B6B9-4FE2-9CE7-583939C9886D}
	EndGlobalSection
EndGlobal
